
Microsoft Visual Studio Solution File, Format Version 12.00
# Visual Studio Version 17
VisualStudioVersion = 17.4.33205.214
MinimumVisualStudioVersion = 10.0.40219.1
Project("{FAE04EC0-301F-11D3-BF4B-00C04F79EFBC}") = "GrpcService.Server", "GrpcService.Server\GrpcService.Server.csproj", "{FE7F8568-057E-43C4-B3A1-0D877BA51F86}"
EndProject
Global
	GlobalSection(SolutionConfigurationPlatforms) = preSolution
		Debug|Any CPU = Debug|Any CPU
		Release|Any CPU = Release|Any CPU
	EndGlobalSection
	GlobalSection(ProjectConfigurationPlatforms) = postSolution
		{FE7F8568-057E-43C4-B3A1-0D877BA51F86}.Debug|Any CPU.ActiveCfg = Debug|Any CPU
		{FE7F8568-057E-43C4-B3A1-0D877BA51F86}.Debug|Any CPU.Build.0 = Debug|Any CPU
		{FE7F8568-057E-43C4-B3A1-0D877BA51F86}.Release|Any CPU.ActiveCfg = Release|Any CPU
		{FE7F8568-057E-43C4-B3A1-0D877BA51F86}.Release|Any CPU.Build.0 = Release|Any CPU
	EndGlobalSection
	GlobalSection(SolutionProperties) = preSolution
		HideSolutionNode = FALSE
	EndGlobalSection
	GlobalSection(ExtensibilityGlobals) = postSolution
		SolutionGuid = {08667221-DFEE-4159-8BEA-052A70B55D74}
	EndGlobalSection
EndGlobal
